// !$*UTF8*$!
{
	archiveVersion = 1;
	classes = {
	};
	objectVersion = 46;
	objects = {

/* Begin PBXBuildFile section */
		81143C951DA7A2D0003BD08A /* AppDelegate.swift in Sources */ = {isa = PBXBuildFile; fileRef = 81143C941DA7A2D0003BD08A /* AppDelegate.swift */; };
		81143C971DA7A2D0003BD08A /* ViewController.swift in Sources */ = {isa = PBXBuildFile; fileRef = 81143C961DA7A2D0003BD08A /* ViewController.swift */; };
		81143C9A1DA7A2D0003BD08A /* Main.storyboard in Resources */ = {isa = PBXBuildFile; fileRef = 81143C981DA7A2D0003BD08A /* Main.storyboard */; };
		81143C9C1DA7A2D0003BD08A /* Assets.xcassets in Resources */ = {isa = PBXBuildFile; fileRef = 81143C9B1DA7A2D0003BD08A /* Assets.xcassets */; };
		81143C9F1DA7A2D0003BD08A /* LaunchScreen.storyboard in Resources */ = {isa = PBXBuildFile; fileRef = 81143C9D1DA7A2D0003BD08A /* LaunchScreen.storyboard */; };
		81143CA71DA7A2DF003BD08A /* Simulator Screen Shot May 16, 2016, 17.22.11.png in Resources */ = {isa = PBXBuildFile; fileRef = 81143CA61DA7A2DF003BD08A /* Simulator Screen Shot May 16, 2016, 17.22.11.png */; };
/* End PBXBuildFile section */

/* Begin PBXFileReference section */
		81143C911DA7A2D0003BD08A /* tao_tk.app */ = {isa = PBXFileReference; explicitFileType = wrapper.application; includeInIndex = 0; path = tao_tk.app; sourceTree = BUILT_PRODUCTS_DIR; };
		81143C941DA7A2D0003BD08A /* AppDelegate.swift */ = {isa = PBXFileReference; lastKnownFileType = sourcecode.swift; path = AppDelegate.swift; sourceTree = "<group>"; };
		81143C961DA7A2D0003BD08A /* ViewController.swift */ = {isa = PBXFileReference; lastKnownFileType = sourcecode.swift; path = ViewController.swift; sourceTree = "<group>"; };
		81143C991DA7A2D0003BD08A /* Base */ = {isa = PBXFileReference; lastKnownFileType = file.storyboard; name = Base; path = Base.lproj/Main.storyboard; sourceTree = "<group>"; };
		81143C9B1DA7A2D0003BD08A /* Assets.xcassets */ = {isa = PBXFileReference; lastKnownFileType = folder.assetcatalog; path = Assets.xcassets; sourceTree = "<group>"; };
		81143C9E1DA7A2D0003BD08A /* Base */ = {isa = PBXFileReference; lastKnownFileType = file.storyboard; name = Base; path = Base.lproj/LaunchScreen.storyboard; sourceTree = "<group>"; };
		81143CA01DA7A2D0003BD08A /* Info.plist */ = {isa = PBXFileReference; lastKnownFileType = text.plist.xml; path = Info.plist; sourceTree = "<group>"; };
		81143CA61DA7A2DF003BD08A /* Simulator Screen Shot May 16, 2016, 17.22.11.png */ = {isa = PBXFileReference; lastKnownFileType = image.png; path = "Simulator Screen Shot May 16, 2016, 17.22.11.png"; sourceTree = "<group>"; };
/* End PBXFileReference section */

/* Begin PBXFrameworksBuildPhase section */
		81143C8E1DA7A2D0003BD08A /* Frameworks */ = {
			isa = PBXFrameworksBuildPhase;
			buildActionMask = 2147483647;
			files = (
			);
			runOnlyForDeploymentPostprocessing = 0;
		};
/* End PBXFrameworksBuildPhase section */

/* Begin PBXGroup section */
		81143C881DA7A2D0003BD08A = {
			isa = PBXGroup;
			children = (
				81143C931DA7A2D0003BD08A /* tao_tk */,
				81143C921DA7A2D0003BD08A /* Products */,
			);
			sourceTree = "<group>";
		};
		81143C921DA7A2D0003BD08A /* Products */ = {
			isa = PBXGroup;
			children = (
				81143C911DA7A2D0003BD08A /* tao_tk.app */,
			);
			name = Products;
			sourceTree = "<group>";
		};
		81143C931DA7A2D0003BD08A /* tao_tk */ = {
			isa = PBXGroup;
			children = (
				81143CA61DA7A2DF003BD08A /* Simulator Screen Shot May 16, 2016, 17.22.11.png */,
				81143C941DA7A2D0003BD08A /* AppDelegate.swift */,
				81143C961DA7A2D0003BD08A /* ViewController.swift */,
				81143C981DA7A2D0003BD08A /* Main.storyboard */,
				81143C9B1DA7A2D0003BD08A /* Assets.xcassets */,
				81143C9D1DA7A2D0003BD08A /* LaunchScreen.storyboard */,
				81143CA01DA7A2D0003BD08A /* Info.plist */,
			);
			path = tao_tk;
			sourceTree = "<group>";
		};
/* End PBXGroup section */

/* Begin PBXNativeTarget section */
		81143C901DA7A2D0003BD08A /* tao_tk */ = {
			isa = PBXNativeTarget;
			buildConfigurationList = 81143CA31DA7A2D0003BD08A /* Build configuration list for PBXNativeTarget "tao_tk" */;
			buildPhases = (
				81143C8D1DA7A2D0003BD08A /* Sources */,
				81143C8E1DA7A2D0003BD08A /* Frameworks */,
				81143C8F1DA7A2D0003BD08A /* Resources */,
			);
			buildRules = (
			);
			dependencies = (
			);
			name = tao_tk;
			productName = tao_tk;
			productReference = 81143C911DA7A2D0003BD08A /* tao_tk.app */;
			productType = "com.apple.product-type.application";
		};
/* End PBXNativeTarget section */

/* Begin PBXProject section */
		81143C891DA7A2D0003BD08A /* Project object */ = {
			isa = PBXProject;
			attributes = {
				LastSwiftUpdateCheck = 0730;
				LastUpgradeCheck = 0800;
				ORGANIZATIONNAME = ios;
				TargetAttributes = {
					81143C901DA7A2D0003BD08A = {
						CreatedOnToolsVersion = 7.3;
						DevelopmentTeam = N4K49G9X4G;
						LastSwiftMigration = 0800;
					};
				};
			};
			buildConfigurationList = 81143C8C1DA7A2D0003BD08A /* Build configuration list for PBXProject "tao_tk" */;
			compatibilityVersion = "Xcode 3.2";
			developmentRegion = English;
			hasScannedForEncodings = 0;
			knownRegions = (
				en,
				Base,
			);
			mainGroup = 81143C881DA7A2D0003BD08A;
			productRefGroup = 81143C921DA7A2D0003BD08A /* Products */;
			projectDirPath = "";
			projectRoot = "";
			targets = (
				81143C901DA7A2D0003BD08A /* tao_tk */,
			);
		};
/* End PBXProject section */

/* Begin PBXResourcesBuildPhase section */
		81143C8F1DA7A2D0003BD08A /* Resources */ = {
			isa = PBXResourcesBuildPhase;
			buildActionMask = 2147483647;
			files = (
				81143C9F1DA7A2D0003BD08A /* LaunchScreen.storyboard in Resources */,
				81143C9C1DA7A2D0003BD08A /* Assets.xcassets in Resources */,
				81143CA71DA7A2DF003BD08A /* Simulator Screen Shot May 16, 2016, 17.22.11.png in Resources */,
				81143C9A1DA7A2D0003BD08A /* Main.storyboard in Resources */,
			);
			runOnlyForDeploymentPostprocessing = 0;
		};
/* End PBXResourcesBuildPhase section */

/* Begin PBXSourcesBuildPhase section */
		81143C8D1DA7A2D0003BD08A /* Sources */ = {
			isa = PBXSourcesBuildPhase;
			buildActionMask = 2147483647;
			files = (
				81143C971DA7A2D0003BD08A /* ViewController.swift in Sources */,
				81143C951DA7A2D0003BD08A /* AppDelegate.swift in Sources */,
			);
			runOnlyForDeploymentPostprocessing = 0;
		};
/* End PBXSourcesBuildPhase section */

/* Begin PBXVariantGroup section */
		81143C981DA7A2D0003BD08A /* Main.storyboard */ = {
			isa = PBXVariantGroup;
			children = (
				81143C991DA7A2D0003BD08A /* Base */,
			);
			name = Main.storyboard;
			sourceTree = "<group>";
		};
		81143C9D1DA7A2D0003BD08A /* LaunchScreen.storyboard */ = {
			isa = PBXVariantGroup;
			children = (
				81143C9E1DA7A2D0003BD08A /* Base */,
			);
			name = LaunchScreen.storyboard;
			sourceTree = "<group>";
		};
/* End PBXVariantGroup section */

/* Begin XCBuildConfiguration section */
		81143CA11DA7A2D0003BD08A /* Debug */ = {
			isa = XCBuildConfiguration;
			buildSettings = {
				ALWAYS_SEARCH_USER_PATHS = NO;
				CLANG_ANALYZER_NONNULL = YES;
				CLANG_CXX_LANGUAGE_STANDARD = "gnu++0x";
				CLANG_CXX_LIBRARY = "libc++";
				CLANG_ENABLE_MODULES = YES;
				CLANG_ENABLE_OBJC_ARC = YES;
				CLANG_WARN_BOOL_CONVERSION = YES;
				CLANG_WARN_CONSTANT_CONVERSION = YES;
				CLANG_WARN_DIRECT_OBJC_ISA_USAGE = YES_ERROR;
				CLANG_WARN_EMPTY_BODY = YES;
				CLANG_WARN_ENUM_CONVERSION = YES;
				CLANG_WARN_INFINITE_RECURSION = YES;
				CLANG_WARN_INT_CONVERSION = YES;
				CLANG_WARN_OBJC_ROOT_CLASS = YES_ERROR;
				CLANG_WARN_SUSPICIOUS_MOVE = YES;
				CLANG_WARN_UNREACHABLE_CODE = YES;
				CLANG_WARN__DUPLICATE_METHOD_MATCH = YES;
				"CODE_SIGN_IDENTITY[sdk=iphoneos*]" = "iPhone Developer";
				COPY_PHASE_STRIP = NO;
				DEBUG_INFORMATION_FORMAT = dwarf;
				ENABLE_STRICT_OBJC_MSGSEND = YES;
				ENABLE_TESTABILITY = YES;
				GCC_C_LANGUAGE_STANDARD = gnu99;
				GCC_DYNAMIC_NO_PIC = NO;
				GCC_NO_COMMON_BLOCKS = YES;
				GCC_OPTIMIZATION_LEVEL = 0;
				GCC_PREPROCESSOR_DEFINITIONS = (
					"DEBUG=1",
					"$(inherited)",
				);
				GCC_WARN_64_TO_32_BIT_CONVERSION = YES;
				GCC_WARN_ABOUT_RETURN_TYPE = YES_ERROR;
				GCC_WARN_UNDECLARED_SELECTOR = YES;
				GCC_WARN_UNINITIALIZED_AUTOS = YES_AGGRESSIVE;
				GCC_WARN_UNUSED_FUNCTION = YES;
				GCC_WARN_UNUSED_VARIABLE = YES;
				IPHONEOS_DEPLOYMENT_TARGET = 10.0;
				MTL_ENABLE_DEBUG_INFO = YES;
				ONLY_ACTIVE_ARCH = YES;
				SDKROOT = iphoneos;
				SWIFT_OPTIMIZATION_LEVEL = "-Onone";
			};
			name = Debug;
		};
		81143CA21DA7A2D0003BD08A /* Release */ = {
			isa = XCBuildConfiguration;
			buildSettings = {
				ALWAYS_SEARCH_USER_PATHS = NO;
				CLANG_ANALYZER_NONNULL = YES;
				CLANG_CXX_LANGUAGE_STANDARD = "gnu++0x";
				CLANG_CXX_LIBRARY = "libc++";
				CLANG_ENABLE_MODULES = YES;
				CLANG_ENABLE_OBJC_ARC = YES;
				CLANG_WARN_BOOL_CONVERSION = YES;
				CLANG_WARN_CONSTANT_CONVERSION = YES;
				CLANG_WARN_DIRECT_OBJC_ISA_USAGE = YES_ERROR;
				CLANG_WARN_EMPTY_BODY = YES;
				CLANG_WARN_ENUM_CONVERSION = YES;
				CLANG_WARN_INFINITE_RECURSION = YES;
				CLANG_WARN_INT_CONVERSION = YES;
				CLANG_WARN_OBJC_ROOT_CLASS = YES_ERROR;
				CLANG_WARN_SUSPICIOUS_MOVE = YES;
				CLANG_WARN_UNREACHABLE_CODE = YES;
				CLANG_WARN__DUPLICATE_METHOD_MATCH = YES;
				"CODE_SIGN_IDENTITY[sdk=iphoneos*]" = "iPhone Developer";
				COPY_PHASE_STRIP = NO;
				DEBUG_INFORMATION_FORMAT = "dwarf-with-dsym";
				ENABLE_NS_ASSERTIONS = NO;
				ENABLE_STRICT_OBJC_MSGSEND = YES;
				GCC_C_LANGUAGE_STANDARD = gnu99;
				GCC_NO_COMMON_BLOCKS = YES;
				GCC_WARN_64_TO_32_BIT_CONVERSION = YES;
				GCC_WARN_ABOUT_RETURN_TYPE = YES_ERROR;
				GCC_WARN_UNDECLARED_SELECTOR = YES;
				GCC_WARN_UNINITIALIZED_AUTOS = YES_AGGRESSIVE;
				GCC_WARN_UNUSED_FUNCTION = YES;
				GCC_WARN_UNUSED_VARIABLE = YES;
				IPHONEOS_DEPLOYMENT_TARGET = 10.0;
				MTL_ENABLE_DEBUG_INFO = NO;
				SDKROOT = iphoneos;
				SWIFT_OPTIMIZATION_LEVEL = "-Owholemodule";
				VALIDATE_PRODUCT = YES;
			};
			name = Release;
		};
		81143CA41DA7A2D0003BD08A /* Debug */ = {
			isa = XCBuildConfiguration;
			buildSettings = {
				ASSETCATALOG_COMPILER_APPICON_NAME = AppIcon;
				DEVELOPMENT_TEAM = N4K49G9X4G;
				INFOPLIST_FILE = tao_tk/Info.plist;
				LD_RUNPATH_SEARCH_PATHS = "$(inherited) @executable_path/Frameworks";
				PRODUCT_BUNDLE_IDENTIFIER = "vn.tao-tk";
				PRODUCT_NAME = "$(TARGET_NAME)";
				SWIFT_VERSION = 3.0;
			};
			name = Debug;
		};
		81143CA51DA7A2D0003BD08A /* Release */ = {
			isa = XCBuildConfiguration;
			buildSettings = {
				ASSETCATALOG_COMPILER_APPICON_NAME = AppIcon;
				DEVELOPMENT_TEAM = N4K49G9X4G;
				INFOPLIST_FILE = tao_tk/Info.plist;
				LD_RUNPATH_SEARCH_PATHS = "$(inherited) @executable_path/Frameworks";
				PRODUCT_BUNDLE_IDENTIFIER = "vn.tao-tk";
				PRODUCT_NAME = "$(TARGET_NAME)";
				SWIFT_VERSION = 3.0;
			};
			name = Release;
		};
/* End XCBuildConfiguration section */

/* Begin XCConfigurationList section */
		81143C8C1DA7A2D0003BD08A /* Build configuration list for PBXProject "tao_tk" */ = {
			isa = XCConfigurationList;
			buildConfigurations = (
				81143CA11DA7A2D0003BD08A /* Debug */,
				81143CA21DA7A2D0003BD08A /* Release */,
			);
			defaultConfigurationIsVisible = 0;
			defaultConfigurationName = Release;
		};
		81143CA31DA7A2D0003BD08A /* Build configuration list for PBXNativeTarget "tao_tk" */ = {
			isa = XCConfigurationList;
			buildConfigurations = (
				81143CA41DA7A2D0003BD08A /* Debug */,
				81143CA51DA7A2D0003BD08A /* Release */,
			);
			defaultConfigurationIsVisible = 0;
			defaultConfigurationName = Release;
		};
/* End XCConfigurationList section */
	};
	rootObject = 81143C891DA7A2D0003BD08A /* Project object */;
}
